
Microsoft Visual Studio Solution File, Format Version 12.00
# Visual Studio 15
VisualStudioVersion = 15.0.28010.2048
MinimumVisualStudioVersion = 10.0.40219.1
Project("{FAE04EC0-301F-11D3-BF4B-00C04F79EFBC}") = "Day1", "Day1\Day1.csproj", "{B92C4602-DA62-4D64-8D61-D156C73FB414}"
EndProject
Global
	GlobalSection(SolutionConfigurationPlatforms) = preSolution
		Debug|Any CPU = Debug|Any CPU
		Release|Any CPU = Release|Any CPU
	EndGlobalSection
	GlobalSection(ProjectConfigurationPlatforms) = postSolution
		{B92C4602-DA62-4D64-8D61-D156C73FB414}.Debug|Any CPU.ActiveCfg = Debug|Any CPU
		{B92C4602-DA62-4D64-8D61-D156C73FB414}.Debug|Any CPU.Build.0 = Debug|Any CPU
		{B92C4602-DA62-4D64-8D61-D156C73FB414}.Release|Any CPU.ActiveCfg = Release|Any CPU
		{B92C4602-DA62-4D64-8D61-D156C73FB414}.Release|Any CPU.Build.0 = Release|Any CPU
	EndGlobalSection
	GlobalSection(SolutionProperties) = preSolution
		HideSolutionNode = FALSE
	EndGlobalSection
	GlobalSection(ExtensibilityGlobals) = postSolution
		SolutionGuid = {5357C9CF-92B1-4812-991F-91ADDEF28D02}
	EndGlobalSection
EndGlobal
